{
  "version": "4",
  "specifiers": {
    "npm:@types/node@*": "22.12.0"
  },
  "npm": {
    "@types/node@22.12.0": {
      "integrity": "sha512-Fll2FZ1riMjNmlmJOdAyY5pUbkftXslB5DgEzlIuNaiWhXd00FhWxVC/r4yV/4wBb9JfImTu+jiSvXTkJ7F/gA==",
      "dependencies": [
        "undici-types"
      ]
    },
    "undici-types@6.20.0": {
      "integrity": "sha512-Ny6QZ2Nju20vw1SRHe3d9jVu6gJ+4e3+MMpqu7pqE5HT6WsTSlce++GQmK5UXS8mzV8DSYHrQH+Xrf2jVcuKNg=="
    }
  },
  "redirects": {
    "https://esm.sh/@supabase/functions-js@^2.1.0?target=denonext": "https://esm.sh/@supabase/functions-js@2.4.4?target=denonext",
    "https://esm.sh/@supabase/gotrue-js@^2.23.0?target=denonext": "https://esm.sh/@supabase/gotrue-js@2.70.0?target=denonext",
    "https://esm.sh/@supabase/node-fetch@^2.6.13?target=denonext": "https://esm.sh/@supabase/node-fetch@2.6.15?target=denonext",
    "https://esm.sh/@supabase/node-fetch@^2.6.14?target=denonext": "https://esm.sh/@supabase/node-fetch@2.6.15?target=denonext",
    "https://esm.sh/@supabase/postgrest-js@^1.1.1?target=denonext": "https://esm.sh/@supabase/postgrest-js@1.19.4?target=denonext",
    "https://esm.sh/@supabase/realtime-js@^2.7.2?target=denonext": "https://esm.sh/@supabase/realtime-js@2.11.9?target=denonext",
    "https://esm.sh/@supabase/storage-js@^2.5.1?target=denonext": "https://esm.sh/@supabase/storage-js@2.7.3?target=denonext",
    "https://esm.sh/@types/common-tags@~1.8.4/index.d.ts": "https://esm.sh/@types/common-tags@1.8.4/index.d.ts",
    "https://esm.sh/@types/ws@~8.18.1/index.d.mts": "https://esm.sh/@types/ws@8.18.1/index.d.mts",
    "https://esm.sh/bufferutil@^4.0.1?target=denonext": "https://esm.sh/bufferutil@4.0.9?target=denonext",
    "https://esm.sh/eventsource-parser@^3.0.0/stream?target=denonext": "https://esm.sh/eventsource-parser@3.0.2/stream?target=denonext",
    "https://esm.sh/nanoid@^3.3.8/non-secure?target=denonext": "https://esm.sh/nanoid@3.3.11/non-secure?target=denonext",
    "https://esm.sh/nanoid@^5.0.8/non-secure?target=denonext": "https://esm.sh/nanoid@5.1.5/non-secure?target=denonext",
    "https://esm.sh/node-gyp-build@^4.3.0?target=denonext": "https://esm.sh/node-gyp-build@4.8.4?target=denonext",
    "https://esm.sh/secure-json-parse@^2.7.0?target=denonext": "https://esm.sh/secure-json-parse@2.7.0?target=denonext",
    "https://esm.sh/tr46@~0.0.3?target=denonext": "https://esm.sh/tr46@0.0.3?target=denonext",
    "https://esm.sh/utf-8-validate@%3E=5.0.2?target=denonext": "https://esm.sh/utf-8-validate@6.0.5?target=denonext",
    "https://esm.sh/webidl-conversions@^3.0.0?target=denonext": "https://esm.sh/webidl-conversions@3.0.1?target=denonext",
    "https://esm.sh/whatwg-url@^5.0.0?target=denonext": "https://esm.sh/whatwg-url@5.0.0?target=denonext",
    "https://esm.sh/ws@^8.18.2?target=denonext": "https://esm.sh/ws@8.18.2?target=denonext",
    "https://esm.sh/zod-to-json-schema@^3.24.1?target=denonext": "https://esm.sh/zod-to-json-schema@3.24.5?target=denonext",
    "https://esm.sh/zod@^3.0.0?target=denonext": "https://esm.sh/zod@3.25.53?target=denonext",
    "https://esm.sh/zod@^3.23.8?target=denonext": "https://esm.sh/zod@3.25.53?target=denonext",
    "https://esm.sh/zod@^3.24.1?target=denonext": "https://esm.sh/zod@3.25.53?target=denonext"
  },
  "remote": {
    "https://esm.sh/@ai-sdk/openai@1.0.0": "41d71b5cd9a38bd983f9e22e2f30185411102fae66fb6892caab7e73758b0cf2",
    "https://esm.sh/@ai-sdk/openai@1.0.0/denonext/openai.mjs": "7f7a0b96da50be00dc58fa32a23727284d84dbf7de29354f412fc99fd9d40a4f",
    "https://esm.sh/@ai-sdk/provider-utils@2.0.0/denonext/provider-utils.mjs": "c8b90889a104e9c0e247c5ee19714e268f51b06a22bc265782d26a28421b1568",
    "https://esm.sh/@ai-sdk/provider-utils@2.2.8/denonext/provider-utils.mjs": "7f8714c3c05d83f58d4cafddd4bd00e5228b8aaf829238089d4275f84fb02ee3",
    "https://esm.sh/@ai-sdk/provider@1.0.0/denonext/provider.mjs": "75b374c4c6953650450935ea8456eb54d7c39dacc1a05cde5551ae82d00d3d4e",
    "https://esm.sh/@ai-sdk/provider@1.1.3/denonext/provider.mjs": "797a0e0099a8fd9cd41d80af78116c844baf8d0d7a841089effd6c2c28f26970",
    "https://esm.sh/@ai-sdk/ui-utils@1.2.11/denonext/ui-utils.mjs": "230c8806b1780c8f4374341f8cc861741cb845cf1701fb7ea41068865560b09f",
    "https://esm.sh/@opentelemetry/api@1.9.0/denonext/api.mjs": "d9ede8bd549446ae09ea5af32de6b8b7d4ca13bcbd90eb39ae890c0fea78f618",
    "https://esm.sh/@supabase/functions-js@2.4.4/denonext/functions-js.mjs": "7adeb257410ef3c4a8a1eb9b4ff416c0075d1c32860ca04913c8a9dace1de6a6",
    "https://esm.sh/@supabase/functions-js@2.4.4?target=denonext": "e2476c61b8afb50cd0987ff03900f48daa646706d6bad319c347e38870b9e72b",
    "https://esm.sh/@supabase/gotrue-js@2.70.0/denonext/gotrue-js.mjs": "98f35291588b46acaf1a109d92b2f4423609595aba9a2ef8be611b413df03201",
    "https://esm.sh/@supabase/gotrue-js@2.70.0?target=denonext": "05513b9349789ef1cf6284457abbe0a864601da43ce79986ca028c1699489020",
    "https://esm.sh/@supabase/node-fetch@2.6.15/denonext/node-fetch.mjs": "0bae9052231f4f6dbccc7234d05ea96923dbf967be12f402764580b6bf9f713d",
    "https://esm.sh/@supabase/node-fetch@2.6.15?target=denonext": "4d28c4ad97328403184353f68434f2b6973971507919e9150297413664919cf3",
    "https://esm.sh/@supabase/postgrest-js@1.19.4/denonext/postgrest-js.mjs": "2073b5552ba10c7a8302bffffae771e3aede1daf833382355dae239fb0ab2576",
    "https://esm.sh/@supabase/postgrest-js@1.19.4?target=denonext": "b526be6f497dc0c461937d1f877cf2e2ebf5dbd92cf2af098fc22a6362a9a569",
    "https://esm.sh/@supabase/realtime-js@2.11.9/denonext/realtime-js.mjs": "b4bd8a148cb8d97011c112b3674154577fd2e5dd00cecc190a83e764f1b5c8d9",
    "https://esm.sh/@supabase/realtime-js@2.11.9?target=denonext": "2c13607ef2bb8415ebf1fc6d4ff834cf54d8097d7d1d2cd3c45c4d61a3098e73",
    "https://esm.sh/@supabase/storage-js@2.7.3/denonext/storage-js.mjs": "566d6e1c95b4747ed1dd39a9d49397b011bda21167f946772665e5e0abcff69c",
    "https://esm.sh/@supabase/storage-js@2.7.3?target=denonext": "c090cd9da74382e43b4af17d607ba2723ce7616a0bdab6f4439778ac03e10e13",
    "https://esm.sh/@supabase/supabase-js@2.21.0": "f137b1c1e63db6d0b00645041d5c2b16bc8ce83109e240daacea3a080e6c8d41",
    "https://esm.sh/@supabase/supabase-js@2.21.0/denonext/supabase-js.mjs": "5f6bbdd5249b60bd82d5a3dba954d6da8f94e97e4dd0fb2125af1237f33edba1",
    "https://esm.sh/ai@4.3.16": "e47dc3324efa7b69174ed339cb647a3d1302b4f085adfcf348ef18b542cbb6ee",
    "https://esm.sh/ai@4.3.16/denonext/ai.mjs": "1e0c4bdc667ae7fb9765723fcaaf0f54a3c14699f8780fa95949c4d6c2a4896b",
    "https://esm.sh/bufferutil@4.0.9/denonext/bufferutil.mjs": "13dca4d5bb2c68cbe119f880fa3bd785b9a81a8e02e0834dae604b4b85295cd8",
    "https://esm.sh/bufferutil@4.0.9?target=denonext": "e32574569ab438facfcc3f412c659b0719bbf05477136ca176938c9a3ac45125",
    "https://esm.sh/common-tags@1.8.2": "f7df1e2eea8b9593aca5cab7efe52ce953c147c2a5e866239207b6a15b0ce489",
    "https://esm.sh/common-tags@1.8.2/denonext/common-tags.mjs": "74a5d9fd9310f155ee8d148c02a773dc22a8e8901cb9653019dc5400eea6a6c4",
    "https://esm.sh/eventsource-parser@3.0.2/denonext/eventsource-parser.mjs": "0ad42a106638048712471500ab2683a51f2dd3e35ac34bb97e08934d2c11755b",
    "https://esm.sh/eventsource-parser@3.0.2/denonext/stream.mjs": "df8c53f47107c819dca980924d6555e35e6b6ed0e84e33e6f743783dfc452a67",
    "https://esm.sh/eventsource-parser@3.0.2/stream?target=denonext": "16803933e6f221c79ba5534161072b0e0408c9974104d7e62461343fb745fd28",
    "https://esm.sh/json-schema@0.4.0": "21a68e4e83b0441c3a90fa051c6b7c42d29926e4ff429745eebec153ac53cd7a",
    "https://esm.sh/json-schema@0.4.0/denonext/json-schema.mjs": "95225c6fc709935fca00cfc112f2ab043d204f7bd07a8aaec75b1b5f24ca8bf6",
    "https://esm.sh/nanoid@3.3.11/denonext/non-secure.mjs": "1f166118c1c4b4d4b5356ef0050fed87acf28cdb8a76813803fee72188f18b30",
    "https://esm.sh/nanoid@3.3.11/non-secure?target=denonext": "ac0c34cc5f9846db51a5d868ce6ee815f831a19b1d57a1b8bae9226fc8d68dec",
    "https://esm.sh/nanoid@5.1.5/denonext/non-secure.mjs": "1a5a9af829968b0977340b212ddc11d205c807f33f5c2709a8bec8d3a3c3dbef",
    "https://esm.sh/nanoid@5.1.5/non-secure?target=denonext": "99d86bf58c64e1c64bd246089920a15b777a5ddf3825f4ab68e05266afc2f6a3",
    "https://esm.sh/node-gyp-build@4.8.4/denonext/node-gyp-build.mjs": "9a86f2d044fc77bd60aaa3d697c2ba1b818da5fb1b9aaeedec59a40b8e908803",
    "https://esm.sh/node-gyp-build@4.8.4?target=denonext": "261a6cedf1fdbf159798141ba1e2311ac1510682c5c8b55dacc8cf5fdee4aa06",
    "https://esm.sh/secure-json-parse@2.7.0/denonext/secure-json-parse.mjs": "bb9840bcb6fdce5857d7412b4c4e272b70044efac66a58cc78d8c97bdb56786d",
    "https://esm.sh/secure-json-parse@2.7.0?target=denonext": "00b85213b6c18313c3de9c07941e27f9666f8c601818c221775a4f744430f89f",
    "https://esm.sh/tr46@0.0.3/denonext/tr46.mjs": "5753ec0a99414f4055f0c1f97691100f13d88e48a8443b00aebb90a512785fa2",
    "https://esm.sh/tr46@0.0.3?target=denonext": "19cb9be0f0d418a0c3abb81f2df31f080e9540a04e43b0f699bce1149cba0cbb",
    "https://esm.sh/utf-8-validate@6.0.5/denonext/utf-8-validate.mjs": "66b8ea532a0c745068f5b96ddb1bae332c3036703243541d2e89e66331974d98",
    "https://esm.sh/utf-8-validate@6.0.5?target=denonext": "071bc33ba1a58297e23a34d69dd589fd06df04b0f373b382ff5da544a623f271",
    "https://esm.sh/v135/@cfworker/json-schema@4.0.3/denonext/json-schema.mjs": "be883d258515368cf1cdf4854f3fe68cadfe8d43da87ecee70ae4e9f1c7e0ba8",
    "https://esm.sh/v135/@langchain/core@0.3.30/denonext/embeddings.js": "f2e2247e1cf21300421ad1efdc797d35a35f0814ab4812bae469fe468350c2ff",
    "https://esm.sh/v135/@langchain/core@0.3.30/denonext/language_models/base.js": "2b8546f4dec223fcccb851cd529234e42196faea29da98185a212d8d38c65af9",
    "https://esm.sh/v135/@langchain/core@0.3.30/denonext/language_models/chat_models.js": "1699881e0858a89f76fe5d270db1fa95e067f0fac904cc9932a8f9bc6c0ed0a9",
    "https://esm.sh/v135/@langchain/core@0.3.30/denonext/language_models/llms.js": "e3548af54f540f74fbdd969c02039403b5435de2e1e43f0386ac2c2488ef0ee4",
    "https://esm.sh/v135/@langchain/core@0.3.30/denonext/messages.js": "a0bb64c522fd4eb7c83a2ae627df717ca90aa04a283b406e82f089432048874f",
    "https://esm.sh/v135/@langchain/core@0.3.30/denonext/output_parsers.js": "161ee490fc06bd2541483d84f92dd2a9cb3073179946403a85c3d364a54ae953",
    "https://esm.sh/v135/@langchain/core@0.3.30/denonext/output_parsers/openai_tools.js": "4266918f542f3621e1e1e323f38630d29f7cf8b7e2f022f137449291daca298b",
    "https://esm.sh/v135/@langchain/core@0.3.30/denonext/outputs.js": "ae7f834ffc3f54c13dc857ee1507ef51596ad49d23d4c68361b4652545f7e787",
    "https://esm.sh/v135/@langchain/core@0.3.30/denonext/runnables.js": "b7b9c5cf7134ef0f42207660cebb1f0316ad8c5591b2a0ca1daade60526ebf12",
    "https://esm.sh/v135/@langchain/core@0.3.30/denonext/tools.js": "bc07652bf17c955e9761abb702b902d6682e31b1eef67f23b2e74711cb17254c",
    "https://esm.sh/v135/@langchain/core@0.3.30/denonext/utils/chunk_array.js": "feb29a67b431d81b406df5ca9406cf9b874e294cf6f51e9e0e1da9d2e4163042",
    "https://esm.sh/v135/@langchain/core@0.3.30/denonext/utils/env.js": "ecaf4f44f65f5f04713eb3091a16da90bb7f52d9c929ff1a2224806c74b7743e",
    "https://esm.sh/v135/@langchain/core@0.3.30/denonext/utils/function_calling.js": "3de15f9c31f987e8de686426dbb15ceb9b9c106c0cb28e27d8bf3d7ad3a9fabe",
    "https://esm.sh/v135/@langchain/openai@0.3.17": "e63a6e890d1e510b9ffebbcaec87a45a1bf004cba39fe45311c6041730a7f01b",
    "https://esm.sh/v135/@langchain/openai@0.3.17/denonext/openai.mjs": "45182b764005409b59ce395146802fdae7db0fa68edea86c14e8be4940a4ce90",
    "https://esm.sh/v135/ansi-styles@5.2.0/denonext/ansi-styles.mjs": "8a10e68165432fcfd0929bdeb4e33a194af8b790702f60b2ea0477749990964c",
    "https://esm.sh/v135/base64-js@1.5.1/denonext/base64-js.mjs": "37ce4431d0b110375d0cafee5cb015592b09352595aca9393e5ecf417f71fae2",
    "https://esm.sh/v135/camelcase@6.3.0/denonext/camelcase.mjs": "ac0c366a0afa66cdf9eab2f6e188e0d86fce8d59d410e9642b216c1548b1c35f",
    "https://esm.sh/v135/decamelize@1.2.0/denonext/decamelize.mjs": "504737df810416c264e5b908664fcce90aa57500ef725b262a8bea0ccb7f8e14",
    "https://esm.sh/v135/eventemitter3@4.0.7/denonext/eventemitter3.mjs": "6f8a6195e1a9effb73bb163c577400d608dec7c4e0bd839045fd9ea4db66e9fe",
    "https://esm.sh/v135/js-tiktoken@1.0.16/denonext/lite.js": "70529cffbedeb80736e0ca0dab987849d40202b1b4db7569959035407b361f3d",
    "https://esm.sh/v135/langsmith@0.2.15/denonext/langsmith.mjs": "509877610520f3ff8153a2f7787d0636c246f1a39716ca20e57024158ad64e15",
    "https://esm.sh/v135/langsmith@0.2.15/denonext/run_trees.js": "421deb6212ef81fbeb9827ddaaa9edd9022ebee4d4fc60f829094e1c84c14bd6",
    "https://esm.sh/v135/langsmith@0.2.15/denonext/singletons/traceable.js": "a431b188b66182b4260be4867ed492ac87adf5413778cf5c7ed0472825c0c1a2",
    "https://esm.sh/v135/openai@4.78.1/denonext/_shims.js": "38e19d1afcdf528efeb1fb8bb36f71c387d81635ae8f271d7ffa19a698e552ca",
    "https://esm.sh/v135/openai@4.78.1/denonext/_shims/MultipartBody.js": "da209cc6ea21644974fabc7be42dd402e1659488bff23a66a654f71cb59b93ac",
    "https://esm.sh/v135/openai@4.78.1/denonext/_shims/auto/runtime.js": "39ef73d95f55f58a813e60d6e8fc20962a7428ae68496a8a0b55e5b0f7b3dc67",
    "https://esm.sh/v135/openai@4.78.1/denonext/_shims/registry.js": "bdb9a3569e2ec7de68b5761520f6136f54406f1ebc13f7aaf164eec3dd069fe6",
    "https://esm.sh/v135/openai@4.78.1/denonext/_shims/web-runtime.js": "db8b7125328c35a7be642d3e14b3d408036a6da6b912acdf47389254b1d6bc40",
    "https://esm.sh/v135/openai@4.78.1/denonext/_vendor/partial-json-parser/parser.js": "f2ab41e40f1f17262db554feaff21652b7e6d93012b4003790277be9a8cb977a",
    "https://esm.sh/v135/openai@4.78.1/denonext/_vendor/zod-to-json-schema.js": "cd0ddf8722746299b0ca0e0d6ac6230a04999f90c4fb680219b2379c2962870f",
    "https://esm.sh/v135/openai@4.78.1/denonext/_vendor/zod-to-json-schema/Options.js": "332167e8743e698208b035b0c07b621f4b7133bcc398703bce91ee2ed076b045",
    "https://esm.sh/v135/openai@4.78.1/denonext/_vendor/zod-to-json-schema/Refs.js": "8c60a2b7c21b913644b07cc0b3e56cd58cfd39bddd9afe94865d9c2f617ffdbd",
    "https://esm.sh/v135/openai@4.78.1/denonext/_vendor/zod-to-json-schema/errorMessages.js": "d98960033aefe692255270ecbbab482349270ea3eb6942273b25dbea5766ae39",
    "https://esm.sh/v135/openai@4.78.1/denonext/_vendor/zod-to-json-schema/parseDef.js": "67884ffcfe1e4fa0b866559e9f5b430fa9e5422fdc7496c5c3bafce8e496eb04",
    "https://esm.sh/v135/openai@4.78.1/denonext/_vendor/zod-to-json-schema/parsers/any.js": "38464c9083abfb93de44cb483a07cccde28746ffd5f0abf2981ffa0f0164ad73",
    "https://esm.sh/v135/openai@4.78.1/denonext/_vendor/zod-to-json-schema/parsers/array.js": "6684aba0ba7574bbf56a8b71562fe500bf7159c4f498e6570bae6ac66db6a516",
    "https://esm.sh/v135/openai@4.78.1/denonext/_vendor/zod-to-json-schema/parsers/bigint.js": "1e50b9ba47be048f749dced9ad91371b5c51edd83f9ce4f22c62cfe89f95616a",
    "https://esm.sh/v135/openai@4.78.1/denonext/_vendor/zod-to-json-schema/parsers/boolean.js": "559cdfa5ec6e979e9e1e585be2bc266a9d1484189e6136eef743a8dafaa72e2a",
    "https://esm.sh/v135/openai@4.78.1/denonext/_vendor/zod-to-json-schema/parsers/branded.js": "ad7e1b93880251c967b1f744771669c1143e6dcf63b91af8cecc7f608bd3842d",
    "https://esm.sh/v135/openai@4.78.1/denonext/_vendor/zod-to-json-schema/parsers/catch.js": "bb07f8b9a6c8592687253f5159d0be84fa06f63f2067660711f76d82072885d3",
    "https://esm.sh/v135/openai@4.78.1/denonext/_vendor/zod-to-json-schema/parsers/date.js": "8aa2b16e17cbab4f1c5a6fd21e1bf6834b238e0034aed0a02d9ae986d385561c",
    "https://esm.sh/v135/openai@4.78.1/denonext/_vendor/zod-to-json-schema/parsers/default.js": "00c0df5daf1efec3f5cf670c0f9d3f573b3f6d6a6e78599231742c22afdbd71d",
    "https://esm.sh/v135/openai@4.78.1/denonext/_vendor/zod-to-json-schema/parsers/effects.js": "12fac5fbe948c1ffe007a7b12f4984002ad57ec84e859b58dce2f551a5cb7a4c",
    "https://esm.sh/v135/openai@4.78.1/denonext/_vendor/zod-to-json-schema/parsers/enum.js": "a7d05488e83ca8f594145f545b13bf83865566a13abb986fe488a457cded6214",
    "https://esm.sh/v135/openai@4.78.1/denonext/_vendor/zod-to-json-schema/parsers/intersection.js": "da9e9dad366d21647c21d4d831971bde00068d8c7f0701c1fffe3501c862934e",
    "https://esm.sh/v135/openai@4.78.1/denonext/_vendor/zod-to-json-schema/parsers/literal.js": "935e07fe95f0350ea728d6e7e0abb8ae98e936e12fe171c457f589953c0e8a33",
    "https://esm.sh/v135/openai@4.78.1/denonext/_vendor/zod-to-json-schema/parsers/map.js": "6a533bf6183f614858c5d0dcfee6abdaf6fe155e8f1acbe597f96a310337ce31",
    "https://esm.sh/v135/openai@4.78.1/denonext/_vendor/zod-to-json-schema/parsers/nativeEnum.js": "5c6a899c15a442736c2a72472affc591ea5fedb4f76c5e63bf97f19e376b44d4",
    "https://esm.sh/v135/openai@4.78.1/denonext/_vendor/zod-to-json-schema/parsers/never.js": "f753cb1aa85438880390ea4708e55f0207bc02496965e4bb108f64bf4edd329e",
    "https://esm.sh/v135/openai@4.78.1/denonext/_vendor/zod-to-json-schema/parsers/null.js": "0d1c36599dcee07fe9324eb53a14991d69a3e5aa9ff845c8c56efcd9c43c2bb1",
    "https://esm.sh/v135/openai@4.78.1/denonext/_vendor/zod-to-json-schema/parsers/nullable.js": "54b3a0da1a0e18a13c1dfa38fcf6d065d80ca5cbaf482e5a8b4a465c9828eecd",
    "https://esm.sh/v135/openai@4.78.1/denonext/_vendor/zod-to-json-schema/parsers/number.js": "0f64880a40b345b979265a785732413f72c1b01ee9bebb49c7d2a436d2066830",
    "https://esm.sh/v135/openai@4.78.1/denonext/_vendor/zod-to-json-schema/parsers/object.js": "f5ae6124d0d6c71717dabfce912d71939e82f520cbbd8861868f644c20d9ffd9",
    "https://esm.sh/v135/openai@4.78.1/denonext/_vendor/zod-to-json-schema/parsers/optional.js": "fe470b1fa038dc6fabf0f3588d8781cbec25bd434ebb66235bb77c93c02aa167",
    "https://esm.sh/v135/openai@4.78.1/denonext/_vendor/zod-to-json-schema/parsers/pipeline.js": "76e0a7a39e379ddfa44bd8a40a1b77bba414010f1893374b8f920297e3008536",
    "https://esm.sh/v135/openai@4.78.1/denonext/_vendor/zod-to-json-schema/parsers/promise.js": "b40197701e6d68585b3f3b3a7f921b6f2c16cdb1adbc70b0fa0e04579bd5a46d",
    "https://esm.sh/v135/openai@4.78.1/denonext/_vendor/zod-to-json-schema/parsers/readonly.js": "2f45bc910ea6931cf0c124c1bcd661328412afa9b66b24490a695fdfa33c231b",
    "https://esm.sh/v135/openai@4.78.1/denonext/_vendor/zod-to-json-schema/parsers/record.js": "79fa54c32594fcbd0982a94498d031327785193d3de368db69b9fae56bff547a",
    "https://esm.sh/v135/openai@4.78.1/denonext/_vendor/zod-to-json-schema/parsers/set.js": "181d50dc5fc760126f468d8cc1edf655280cff5567567d0164cc54d596684d2e",
    "https://esm.sh/v135/openai@4.78.1/denonext/_vendor/zod-to-json-schema/parsers/string.js": "c80aa05458138a0dfc1a8c10e0ad92265d95642b884112fb441f7391802b009e",
    "https://esm.sh/v135/openai@4.78.1/denonext/_vendor/zod-to-json-schema/parsers/tuple.js": "50a0198c79adc17ae5e049db3807afec63a2f9d22310792a754ff9b52ce09ea4",
    "https://esm.sh/v135/openai@4.78.1/denonext/_vendor/zod-to-json-schema/parsers/undefined.js": "fdd9871ba79b1aaeee143d782bdf773445b2c7b6c6a256f58afedbcb587ee8d6",
    "https://esm.sh/v135/openai@4.78.1/denonext/_vendor/zod-to-json-schema/parsers/union.js": "317cf4c1238f63f01be39121761842872f21c9f20ccb3ec885ad998540ff444e",
    "https://esm.sh/v135/openai@4.78.1/denonext/_vendor/zod-to-json-schema/parsers/unknown.js": "282122dd05afe3ec0fb7787df3e37038cb76b8dc670678e1319a0b2dcd90bb76",
    "https://esm.sh/v135/openai@4.78.1/denonext/_vendor/zod-to-json-schema/util.js": "e315a4593104e4462cffbd322f90e13524d3a8e75ca0e315f53d1a7a2159b3f7",
    "https://esm.sh/v135/openai@4.78.1/denonext/_vendor/zod-to-json-schema/zodToJsonSchema.js": "5cdb63a4b08fc4817fee22801af992f42815045a5308a0bcd5b33a2f7bb55bf9",
    "https://esm.sh/v135/openai@4.78.1/denonext/core.js": "32f392f851799a8e9ff8f664f0998a2c74fa3342694431f20f5598efe6b1d75a",
    "https://esm.sh/v135/openai@4.78.1/denonext/error.js": "a6d34c64e08cf57861f0cd7cdf2903aabcdad24623e6af50aaeecdbf1684960c",
    "https://esm.sh/v135/openai@4.78.1/denonext/helpers/zod.js": "975c03a4a3fe048e70c7f3d879d13e7f4c18a96bd6d1620eace41a5fa0704c45",
    "https://esm.sh/v135/openai@4.78.1/denonext/internal/decoders/line.js": "792a1cae19ba068f99d8c1d203d0b8f1df0dc7b278284c0546930eeeb6644f73",
    "https://esm.sh/v135/openai@4.78.1/denonext/internal/qs.js": "aa7bf2b4df55c9391fca54034c70d4195ae3221dd9e556ef72154740f6af3aca",
    "https://esm.sh/v135/openai@4.78.1/denonext/internal/qs/formats.js": "a06935a7e7799680d754901c3250568b04d3f40b5917439571e6640aa6457b4d",
    "https://esm.sh/v135/openai@4.78.1/denonext/internal/qs/stringify.js": "213e3f413cfc8a0f71c7735d585191b18ee958252cf3212f4b9afa809b34510c",
    "https://esm.sh/v135/openai@4.78.1/denonext/internal/qs/utils.js": "1452bb7d07c098b56a980bb1bd8ca3829b7ee8f04cf9b34dc3acca75fbdfadc4",
    "https://esm.sh/v135/openai@4.78.1/denonext/lib/AbstractChatCompletionRunner.js": "86316768a88e41017f000b407f8799cc5e4b0464722c6b909f2814f3470c8a6e",
    "https://esm.sh/v135/openai@4.78.1/denonext/lib/AssistantStream.js": "f0787bc332b0e634cfd9953f5991fc8cea72b18eae932567ce6a7dad8b526ac1",
    "https://esm.sh/v135/openai@4.78.1/denonext/lib/ChatCompletionRunner.js": "9b14e294cd5245bd8a8ddb22c72d316af9f6ded7b717d0457d45fee0f0078e7f",
    "https://esm.sh/v135/openai@4.78.1/denonext/lib/ChatCompletionStream.js": "a8e5aa8a63cb54266e1345c2ebf6ee2968080f6ae0868260942809fe8c5caf1d",
    "https://esm.sh/v135/openai@4.78.1/denonext/lib/ChatCompletionStreamingRunner.js": "1414ecaf949f2f17fdbd15b16360f32e1b8136ee21a664e0a4b10a4741cbaa33",
    "https://esm.sh/v135/openai@4.78.1/denonext/lib/EventStream.js": "e55f063ce2b4308e3a640bb680231b5f06a6e81c314c9fbd28b764ae0cf950f5",
    "https://esm.sh/v135/openai@4.78.1/denonext/lib/RunnableFunction.js": "5e199300af1c41446080a3db3332aa587e701f725591cddff6e1c8186e297bda",
    "https://esm.sh/v135/openai@4.78.1/denonext/lib/Util.js": "63c295f4f6ec6495ae053a21f0c456ba3039c6338ab5c4c147fb848e900f514e",
    "https://esm.sh/v135/openai@4.78.1/denonext/lib/chatCompletionUtils.js": "120b51f64a8d70c64fe73bbdbd5d742abc720aed7b20ab22cbbbb699677792bf",
    "https://esm.sh/v135/openai@4.78.1/denonext/lib/parser.js": "27b8f954db7828e782c798f223e2f224c30f1f676922b9e10a175152e3cd1ed2",
    "https://esm.sh/v135/openai@4.78.1/denonext/openai.mjs": "a71975f180ecb57fbb6a29b98e8e1f44ff13dd54471f9dad2c2cbe46518f3ed1",
    "https://esm.sh/v135/openai@4.78.1/denonext/pagination.js": "b9c13b80de81c98c5b5e048d5be45b951ce07b23559b8f13d77ff2b00134fde6",
    "https://esm.sh/v135/openai@4.78.1/denonext/resource.js": "79f20ce20de1287c7bae0ed7288f25f8f7a7f7f73f7604b8740e579a0c8afd3f",
    "https://esm.sh/v135/openai@4.78.1/denonext/resources.js": "1567831ae3e2b667f0ef56405177362f61bcb129673faaf17d6c42506ad863fd",
    "https://esm.sh/v135/openai@4.78.1/denonext/resources/audio/audio.js": "098bac37ad27d06205c3154022cca9954ec666d0d4fbd29f1349dc6a20bdd925",
    "https://esm.sh/v135/openai@4.78.1/denonext/resources/audio/speech.js": "d22f552b1d198cb6a90b8db58bcfcf4a2de30e6d1ce3b8a91958b37e1aee9772",
    "https://esm.sh/v135/openai@4.78.1/denonext/resources/audio/transcriptions.js": "270efa784e927b1c2bca5f1e8f1a14f195e748ce6bbd87c85826bfeada412fa7",
    "https://esm.sh/v135/openai@4.78.1/denonext/resources/audio/translations.js": "7e692263bc8b75aa456d84a7e05aea102938a7d500945ba6211fc0123effc89b",
    "https://esm.sh/v135/openai@4.78.1/denonext/resources/batches.js": "80d5ec9d1db86c9ab44e56588bd5f21b7d323987827514b61517f13f5991979c",
    "https://esm.sh/v135/openai@4.78.1/denonext/resources/beta/assistants.js": "08d0064c2da9f9cb4366265bc6b43ef264ef6595c5633518fdb8627a79a74adc",
    "https://esm.sh/v135/openai@4.78.1/denonext/resources/beta/beta.js": "8a14f8b1a540c12f72ba0628be656d1d16f55c4ac211b43cf366a46833ff4cfb",
    "https://esm.sh/v135/openai@4.78.1/denonext/resources/beta/chat/chat.js": "0940e0f20fe8a64323417603c063189997b29cebd26825943ce1fb33028dd7ba",
    "https://esm.sh/v135/openai@4.78.1/denonext/resources/beta/chat/completions.js": "7241e1e68c72ad1e42662ec7bcf3f8feb18b574fabc7725ebb425fb3da9fe3d1",
    "https://esm.sh/v135/openai@4.78.1/denonext/resources/beta/realtime/realtime.js": "1ece04daa19f63d99d187adaab1599eb8f15bd9998178851b04ed645b8ce423e",
    "https://esm.sh/v135/openai@4.78.1/denonext/resources/beta/realtime/sessions.js": "8818472464d81cdbc5c372d90c6850a1635460e23b94736a626ce5f1a7fe10ea",
    "https://esm.sh/v135/openai@4.78.1/denonext/resources/beta/threads/messages.js": "9795fd84e9f4ef790803d85126d684b2b13c3755a0acace442b3a6d02d6ee703",
    "https://esm.sh/v135/openai@4.78.1/denonext/resources/beta/threads/runs/runs.js": "0417db0f9038ef419121b37142f89dfc41b79f76c0a46629b5a6cb7e74fbbce9",
    "https://esm.sh/v135/openai@4.78.1/denonext/resources/beta/threads/runs/steps.js": "f2263097451a4a041e03615570873016e7012f298c602267fda9c849c584386a",
    "https://esm.sh/v135/openai@4.78.1/denonext/resources/beta/threads/threads.js": "d3661e48901a8428d18a3ce65db095511dfe21f05e71bbeb4674ef987c8613ce",
    "https://esm.sh/v135/openai@4.78.1/denonext/resources/beta/vector-stores/file-batches.js": "6000aa836629d3958f602e5a638932deb99ddc2e22976f287f790bae44d178d6",
    "https://esm.sh/v135/openai@4.78.1/denonext/resources/beta/vector-stores/files.js": "164e818ccbe7b877d00e7d68f0d4428b69a1469c9fe7ed7dcc4551b19df17af4",
    "https://esm.sh/v135/openai@4.78.1/denonext/resources/beta/vector-stores/vector-stores.js": "090a665b544163e0feaeda4b189a9002367a9f01ebead8457346356831922150",
    "https://esm.sh/v135/openai@4.78.1/denonext/resources/chat.js": "5a29e286fb5ebbb712d7b187a37c865765be683d1d5781a020e6a81439568c49",
    "https://esm.sh/v135/openai@4.78.1/denonext/resources/chat/chat.js": "ae4f6030c63617f841fe83d0494235014173e0154fce5c050e398916cf1bd2aa",
    "https://esm.sh/v135/openai@4.78.1/denonext/resources/chat/completions.js": "f26461612feaf0a0de5e21c4d8a06c15278c5000304e064000bb7671ed2647a4",
    "https://esm.sh/v135/openai@4.78.1/denonext/resources/completions.js": "8e1e9f0038772d4ea2a02bfb5e653f2c0b44e1594e20ed9b53d485dde5457661",
    "https://esm.sh/v135/openai@4.78.1/denonext/resources/embeddings.js": "c9c8a9de698b797bd32b7c1364dc10190bc33adbf81412a57b05f22b30c2067d",
    "https://esm.sh/v135/openai@4.78.1/denonext/resources/files.js": "47948fc732188f4d3053740c154a6728eeb2c0f5bfb6e21a906c59a1b9614d70",
    "https://esm.sh/v135/openai@4.78.1/denonext/resources/fine-tuning/fine-tuning.js": "9aab1e8da9e9521f8d2b62631e4e38bf558e64011c2ef9633de6de99121c3be0",
    "https://esm.sh/v135/openai@4.78.1/denonext/resources/fine-tuning/jobs/checkpoints.js": "708eba1b00ba9789dbe8a6ee8fbd4ef9db0a749bfa6b195fa8d992a325a88dd9",
    "https://esm.sh/v135/openai@4.78.1/denonext/resources/fine-tuning/jobs/jobs.js": "7a9da3d6e0439d1e4e869618a2983dab8c0ee93af3d97e5a5ed54072a562d3df",
    "https://esm.sh/v135/openai@4.78.1/denonext/resources/images.js": "7075c1392820d20a379334ecce7623706eb2b735e3bbb0d38952eb9277c215c3",
    "https://esm.sh/v135/openai@4.78.1/denonext/resources/models.js": "3c2904eca2fa8151d806140edbe940c9dc26a91665ce8f6dc99ef80172de97a0",
    "https://esm.sh/v135/openai@4.78.1/denonext/resources/moderations.js": "198b9812db117de3a8c3db31545136866f0eeda67f0773fa73e837c793aee908",
    "https://esm.sh/v135/openai@4.78.1/denonext/resources/shared.js": "4f1307549b1b3649251d572d2e150b07456c4430127162bad7c70983daf92f08",
    "https://esm.sh/v135/openai@4.78.1/denonext/resources/uploads/parts.js": "903deb3179252b23fa9a33227d8044471fb195d1a2d7844ed7e77a8bec012f0f",
    "https://esm.sh/v135/openai@4.78.1/denonext/resources/uploads/uploads.js": "c4e84aca6237e1d4286afd019588bf1d939e90a9ab651baa73dc7331298fed5e",
    "https://esm.sh/v135/openai@4.78.1/denonext/streaming.js": "f60a823dd161e5f85395215ae0ed5e0eacedf6e899689afa0ff8115c7c811890",
    "https://esm.sh/v135/openai@4.78.1/denonext/uploads.js": "1e8859dc8f486ffd4e582700815b74c64dfcafb1960e3fd0129604eee00bf659",
    "https://esm.sh/v135/openai@4.78.1/denonext/version.js": "d6232fcce06bec5a6f8f3081db9a734b2de292e699a6478f2d0151875323dad4",
    "https://esm.sh/v135/p-finally@1.0.0/denonext/p-finally.mjs": "5ad31f91b28a49a738260a79a0be34bf64bcd03ee7909350dd0227e573eae781",
    "https://esm.sh/v135/p-queue@6.6.2/denonext/p-queue.mjs": "bcd9d4da477f7af0034670ecd0437b8343ce87f1bca8b152753b22564e0ab1b2",
    "https://esm.sh/v135/p-retry@4.6.2/denonext/p-retry.mjs": "0d6e7cadbcc4be939560dc72b60bc5a6720414c8b59803bf75195e360e52ee28",
    "https://esm.sh/v135/p-timeout@3.2.0/denonext/p-timeout.mjs": "7ec7dec7c9f30a3e4255790617a1cde9a5e6c7eef5671b34bd9f77202f4b2e42",
    "https://esm.sh/v135/retry@0.13.1/denonext/retry.mjs": "0d9e9d51789f08a5d07d34e16693a133f0faaca52379af8639c682370b6c5ad7",
    "https://esm.sh/v135/semver@7.6.3/denonext/semver.mjs": "0fcc6e2fcceb477607d5ddeb1e8030bfbd38d34c3489ce1443085361e031bfa2",
    "https://esm.sh/v135/uuid@10.0.0/denonext/uuid.mjs": "51eda996111dc0caa6d01fd4c4061646865f56a2cc6e783a3a7b34fa5f775136",
    "https://esm.sh/v135/zod-to-json-schema@3.24.1/denonext/zod-to-json-schema.mjs": "5f442af0e703103c50fbc33928092845464e6ad3d6906af4e24e33e4c2a9e504",
    "https://esm.sh/v135/zod@3.24.1/denonext/zod.mjs": "267cf807d908327192aa402850ce2cf1c199c02b097f4c521272a42538dad53a",
    "https://esm.sh/webidl-conversions@3.0.1/denonext/webidl-conversions.mjs": "54b5c2d50a294853c4ccebf9d5ed8988c94f4e24e463d84ec859a866ea5fafec",
    "https://esm.sh/webidl-conversions@3.0.1?target=denonext": "4e20318d50528084616c79d7b3f6e7f0fe7b6d09013bd01b3974d7448d767e29",
    "https://esm.sh/whatwg-url@5.0.0/denonext/whatwg-url.mjs": "29b16d74ee72624c915745bbd25b617cfd2248c6af0f5120d131e232a9a9af79",
    "https://esm.sh/whatwg-url@5.0.0?target=denonext": "f001a2cadf81312d214ca330033f474e74d81a003e21e8c5d70a1f46dc97b02d",
    "https://esm.sh/ws@8.18.2/denonext/ws.mjs": "b9211ecb1511b09f418c1330920c66800b66710b2cd2997b64b7e0525bd895d2",
    "https://esm.sh/ws@8.18.2?target=denonext": "2ee7b1bb11543dda3e7e1c685ad8599b6f18aea785302374c3def5da468a1e51",
    "https://esm.sh/zod-to-json-schema@3.24.5/denonext/zod-to-json-schema.mjs": "7e268801e3d56cc04c2d1564df322a587408470ecd3c9c73815bacef46392966",
    "https://esm.sh/zod-to-json-schema@3.24.5?target=denonext": "f90b6ae04e9353b29477d688fa3472b617e189092c32cb39ecdde9305e28bdbb",
    "https://esm.sh/zod@3.25.53/denonext/zod.mjs": "97203584d90f7ca8d78595866243ee8c5962629448c41cb48fbdf54d8b0a4133",
    "https://esm.sh/zod@3.25.53?target=denonext": "3d09901c33de8b3356415864234c8e47aeac53be9d1a7fe6f350f50274f32905"
  }
}
